{
  "originHash" : "290999529fd436bf5cf1f1ac9c38c29be252806b55e14a3d3a72633b0c429792",
  "pins" : [
    {
      "identity" : "webui",
      "kind" : "remoteSourceControl",
      "location" : "https://github.com/cybozu/WebUI.git",
      "state" : {
        "revision" : "ccb3e63486156c8e13c2dbb2d83abb66deca8bd3",
        "version" : "4.3.0"
      }
    }
  ],
  "version" : 3
}
